
Microsoft Visual Studio Solution File, Format Version 12.00
# Visual Studio Version 16
VisualStudioVersion = 16.0.31911.196
MinimumVisualStudioVersion = 10.0.40219.1
Project("{FAE04EC0-301F-11D3-BF4B-00C04F79EFBC}") = "Project2-ToDoApp", "Project2-ToDoApp.csproj", "{04DB9E57-CFE8-4657-83C4-7C911C77BC85}"
EndProject
Global
	GlobalSection(SolutionConfigurationPlatforms) = preSolution
		Debug|Any CPU = Debug|Any CPU
		Release|Any CPU = Release|Any CPU
	EndGlobalSection
	GlobalSection(ProjectConfigurationPlatforms) = postSolution
		{04DB9E57-CFE8-4657-83C4-7C911C77BC85}.Debug|Any CPU.ActiveCfg = Debug|Any CPU
		{04DB9E57-CFE8-4657-83C4-7C911C77BC85}.Debug|Any CPU.Build.0 = Debug|Any CPU
		{04DB9E57-CFE8-4657-83C4-7C911C77BC85}.Release|Any CPU.ActiveCfg = Release|Any CPU
		{04DB9E57-CFE8-4657-83C4-7C911C77BC85}.Release|Any CPU.Build.0 = Release|Any CPU
	EndGlobalSection
	GlobalSection(SolutionProperties) = preSolution
		HideSolutionNode = FALSE
	EndGlobalSection
	GlobalSection(ExtensibilityGlobals) = postSolution
		SolutionGuid = {12B1AF71-17D6-4825-B631-6A402769BC07}
	EndGlobalSection
EndGlobal
